
Microsoft Visual Studio Solution File, Format Version 12.00
# Visual Studio Version 16
VisualStudioVersion = 16.0.31112.23
MinimumVisualStudioVersion = 10.0.40219.1
Project("{FAE04EC0-301F-11D3-BF4B-00C04F79EFBC}") = "Demo.Migicodes.IE.Test", "Demo.Migicodes.IE.Test\Demo.Migicodes.IE.Test.csproj", "{5B78CF62-644B-4D2D-A3A8-D6077CE3EE77}"
EndProject
Project("{FAE04EC0-301F-11D3-BF4B-00C04F79EFBC}") = "Demo.Migicodes.IE.Dto", "Demo.Migicodes.IE.Dto\Demo.Migicodes.IE.Dto.csproj", "{F2E83B1B-0956-4DE2-B856-38012D9E2593}"
EndProject
Global
	GlobalSection(SolutionConfigurationPlatforms) = preSolution
		Debug|Any CPU = Debug|Any CPU
		Release|Any CPU = Release|Any CPU
	EndGlobalSection
	GlobalSection(ProjectConfigurationPlatforms) = postSolution
		{5B78CF62-644B-4D2D-A3A8-D6077CE3EE77}.Debug|Any CPU.ActiveCfg = Debug|Any CPU
		{5B78CF62-644B-4D2D-A3A8-D6077CE3EE77}.Debug|Any CPU.Build.0 = Debug|Any CPU
		{5B78CF62-644B-4D2D-A3A8-D6077CE3EE77}.Release|Any CPU.ActiveCfg = Release|Any CPU
		{5B78CF62-644B-4D2D-A3A8-D6077CE3EE77}.Release|Any CPU.Build.0 = Release|Any CPU
		{F2E83B1B-0956-4DE2-B856-38012D9E2593}.Debug|Any CPU.ActiveCfg = Debug|Any CPU
		{F2E83B1B-0956-4DE2-B856-38012D9E2593}.Debug|Any CPU.Build.0 = Debug|Any CPU
		{F2E83B1B-0956-4DE2-B856-38012D9E2593}.Release|Any CPU.ActiveCfg = Release|Any CPU
		{F2E83B1B-0956-4DE2-B856-38012D9E2593}.Release|Any CPU.Build.0 = Release|Any CPU
	EndGlobalSection
	GlobalSection(SolutionProperties) = preSolution
		HideSolutionNode = FALSE
	EndGlobalSection
	GlobalSection(ExtensibilityGlobals) = postSolution
		SolutionGuid = {B5FF9178-EE68-4EB3-89BF-BAB7EFEA6975}
	EndGlobalSection
EndGlobal
